// !$*UTF8*$!
{
	archiveVersion = 1;
	classes = {
	};
	objectVersion = 50;
	objects = {

/* Begin PBXBuildFile section */
		4917ADB321064F840050A5A8 /* InternetConnectionHandlerTests.swift in Sources */ = {isa = PBXBuildFile; fileRef = 4917ADB221064F840050A5A8 /* InternetConnectionHandlerTests.swift */; };
		4917ADB82106539C0050A5A8 /* PersistenceService.swift in Sources */ = {isa = PBXBuildFile; fileRef = 4917ADB72106539C0050A5A8 /* PersistenceService.swift */; };
		4917ADBB2106552C0050A5A8 /* Article+CoreDataClass.swift in Sources */ = {isa = PBXBuildFile; fileRef = 4917ADB92106552C0050A5A8 /* Article+CoreDataClass.swift */; };
		4917ADBC2106552C0050A5A8 /* Article+CoreDataProperties.swift in Sources */ = {isa = PBXBuildFile; fileRef = 4917ADBA2106552C0050A5A8 /* Article+CoreDataProperties.swift */; };
		49D052BD2106388E0019A6F3 /* AppDelegate.swift in Sources */ = {isa = PBXBuildFile; fileRef = 49D052BC2106388E0019A6F3 /* AppDelegate.swift */; };
		49D052C52106388E0019A6F3 /* ArticleReviews.xcdatamodeld in Sources */ = {isa = PBXBuildFile; fileRef = 49D052C32106388E0019A6F3 /* ArticleReviews.xcdatamodeld */; };
		49D052C7210638900019A6F3 /* Assets.xcassets in Resources */ = {isa = PBXBuildFile; fileRef = 49D052C6210638900019A6F3 /* Assets.xcassets */; };
		49D052CA210638900019A6F3 /* LaunchScreen.storyboard in Resources */ = {isa = PBXBuildFile; fileRef = 49D052C8210638900019A6F3 /* LaunchScreen.storyboard */; };
		49D052D921063B0E0019A6F3 /* Articles.swift in Sources */ = {isa = PBXBuildFile; fileRef = 49D052D821063B0E0019A6F3 /* Articles.swift */; };
		49D052DE21063D250019A6F3 /* RESTError.swift in Sources */ = {isa = PBXBuildFile; fileRef = 49D052DD21063D250019A6F3 /* RESTError.swift */; };
		49D052E021063D3D0019A6F3 /* ServiceError.swift in Sources */ = {isa = PBXBuildFile; fileRef = 49D052DF21063D3D0019A6F3 /* ServiceError.swift */; };
		49D052E221063D580019A6F3 /* InfrastructureHandler.swift in Sources */ = {isa = PBXBuildFile; fileRef = 49D052E121063D580019A6F3 /* InfrastructureHandler.swift */; };
		49D052E521063D750019A6F3 /* InternetConnectionError.swift in Sources */ = {isa = PBXBuildFile; fileRef = 49D052E421063D750019A6F3 /* InternetConnectionError.swift */; };
		49D052E721063D990019A6F3 /* InternetConnectionHandler.swift in Sources */ = {isa = PBXBuildFile; fileRef = 49D052E621063D990019A6F3 /* InternetConnectionHandler.swift */; };
		49D052ED21063ECA0019A6F3 /* ReviewsModel.swift in Sources */ = {isa = PBXBuildFile; fileRef = 49D052EC21063ECA0019A6F3 /* ReviewsModel.swift */; };
		49D052F02106425F0019A6F3 /* RxCocoa.framework in Frameworks */ = {isa = PBXBuildFile; fileRef = 49D052EF2106425F0019A6F3 /* RxCocoa.framework */; };
		49D052F2210642980019A6F3 /* RxSwift.framework in Frameworks */ = {isa = PBXBuildFile; fileRef = 49D052F1210642980019A6F3 /* RxSwift.framework */; };
		49D052F4210642A40019A6F3 /* RxAlamofire.framework in Frameworks */ = {isa = PBXBuildFile; fileRef = 49D052F3210642A40019A6F3 /* RxAlamofire.framework */; };
		49D052F6210642C20019A6F3 /* Alamofire.framework in Frameworks */ = {isa = PBXBuildFile; fileRef = 49D052F5210642C20019A6F3 /* Alamofire.framework */; };
		49D052F9210645DB0019A6F3 /* ArticleWebServiceProtocol.swift in Sources */ = {isa = PBXBuildFile; fileRef = 49D052F8210645DB0019A6F3 /* ArticleWebServiceProtocol.swift */; };
		49D052FB210646740019A6F3 /* ArticleWebService.swift in Sources */ = {isa = PBXBuildFile; fileRef = 49D052FA210646740019A6F3 /* ArticleWebService.swift */; };
		49D0530A210647880019A6F3 /* RxSwift.framework in Frameworks */ = {isa = PBXBuildFile; fileRef = 49D052F1210642980019A6F3 /* RxSwift.framework */; };
		49D0530C210647B60019A6F3 /* RxTest.framework in Frameworks */ = {isa = PBXBuildFile; fileRef = 49D0530B210647B50019A6F3 /* RxTest.framework */; };
		49D0530E210647C70019A6F3 /* Nimble.framework in Frameworks */ = {isa = PBXBuildFile; fileRef = 49D0530D210647C70019A6F3 /* Nimble.framework */; };
		49D05310210647E50019A6F3 /* Nimble.framework in CopyFiles */ = {isa = PBXBuildFile; fileRef = 49D0530D210647C70019A6F3 /* Nimble.framework */; settings = {ATTRIBUTES = (CodeSignOnCopy, RemoveHeadersOnCopy, ); }; };
		49D05311210647EB0019A6F3 /* RxTest.framework in CopyFiles */ = {isa = PBXBuildFile; fileRef = 49D0530B210647B50019A6F3 /* RxTest.framework */; settings = {ATTRIBUTES = (CodeSignOnCopy, RemoveHeadersOnCopy, ); }; };
		49D05312210647F00019A6F3 /* RxSwift.framework in CopyFiles */ = {isa = PBXBuildFile; fileRef = 49D052F1210642980019A6F3 /* RxSwift.framework */; settings = {ATTRIBUTES = (CodeSignOnCopy, RemoveHeadersOnCopy, ); }; };
		49D053152106496C0019A6F3 /* InfrastructureHandlerTests.swift in Sources */ = {isa = PBXBuildFile; fileRef = 49D053142106496C0019A6F3 /* InfrastructureHandlerTests.swift */; };
/* End PBXBuildFile section */

/* Begin PBXContainerItemProxy section */
		49D05305210647660019A6F3 /* PBXContainerItemProxy */ = {
			isa = PBXContainerItemProxy;
			containerPortal = 49D052B12106388E0019A6F3 /* Project object */;
			proxyType = 1;
			remoteGlobalIDString = 49D052B82106388E0019A6F3;
			remoteInfo = ArticleReviews;
		};
/* End PBXContainerItemProxy section */

/* Begin PBXCopyFilesBuildPhase section */
		49D0530F210647D40019A6F3 /* CopyFiles */ = {
			isa = PBXCopyFilesBuildPhase;
			buildActionMask = 2147483647;
			dstPath = "";
			dstSubfolderSpec = 10;
			files = (
				49D05312210647F00019A6F3 /* RxSwift.framework in CopyFiles */,
				49D05311210647EB0019A6F3 /* RxTest.framework in CopyFiles */,
				49D05310210647E50019A6F3 /* Nimble.framework in CopyFiles */,
			);
			runOnlyForDeploymentPostprocessing = 0;
		};
/* End PBXCopyFilesBuildPhase section */

/* Begin PBXFileReference section */
		4917ADB221064F840050A5A8 /* InternetConnectionHandlerTests.swift */ = {isa = PBXFileReference; lastKnownFileType = sourcecode.swift; path = InternetConnectionHandlerTests.swift; sourceTree = "<group>"; };
		4917ADB72106539C0050A5A8 /* PersistenceService.swift */ = {isa = PBXFileReference; lastKnownFileType = sourcecode.swift; path = PersistenceService.swift; sourceTree = "<group>"; };
		4917ADB92106552C0050A5A8 /* Article+CoreDataClass.swift */ = {isa = PBXFileReference; lastKnownFileType = sourcecode.swift; path = "Article+CoreDataClass.swift"; sourceTree = "<group>"; };
		4917ADBA2106552C0050A5A8 /* Article+CoreDataProperties.swift */ = {isa = PBXFileReference; lastKnownFileType = sourcecode.swift; path = "Article+CoreDataProperties.swift"; sourceTree = "<group>"; };
		49D052B92106388E0019A6F3 /* ArticleReviews.app */ = {isa = PBXFileReference; explicitFileType = wrapper.application; includeInIndex = 0; path = ArticleReviews.app; sourceTree = BUILT_PRODUCTS_DIR; };
		49D052BC2106388E0019A6F3 /* AppDelegate.swift */ = {isa = PBXFileReference; lastKnownFileType = sourcecode.swift; path = AppDelegate.swift; sourceTree = "<group>"; };
		49D052C42106388E0019A6F3 /* ArticleReviews.xcdatamodel */ = {isa = PBXFileReference; lastKnownFileType = wrapper.xcdatamodel; path = ArticleReviews.xcdatamodel; sourceTree = "<group>"; };
		49D052C6210638900019A6F3 /* Assets.xcassets */ = {isa = PBXFileReference; lastKnownFileType = folder.assetcatalog; path = Assets.xcassets; sourceTree = "<group>"; };
		49D052C9210638900019A6F3 /* Base */ = {isa = PBXFileReference; lastKnownFileType = file.storyboard; name = Base; path = Base.lproj/LaunchScreen.storyboard; sourceTree = "<group>"; };
		49D052CB210638900019A6F3 /* Info.plist */ = {isa = PBXFileReference; lastKnownFileType = text.plist.xml; path = Info.plist; sourceTree = "<group>"; };
		49D052D821063B0E0019A6F3 /* Articles.swift */ = {isa = PBXFileReference; lastKnownFileType = sourcecode.swift; path = Articles.swift; sourceTree = "<group>"; };
		49D052DD21063D250019A6F3 /* RESTError.swift */ = {isa = PBXFileReference; lastKnownFileType = sourcecode.swift; path = RESTError.swift; sourceTree = "<group>"; };
		49D052DF21063D3D0019A6F3 /* ServiceError.swift */ = {isa = PBXFileReference; lastKnownFileType = sourcecode.swift; path = ServiceError.swift; sourceTree = "<group>"; };
		49D052E121063D580019A6F3 /* InfrastructureHandler.swift */ = {isa = PBXFileReference; lastKnownFileType = sourcecode.swift; path = InfrastructureHandler.swift; sourceTree = "<group>"; };
		49D052E421063D750019A6F3 /* InternetConnectionError.swift */ = {isa = PBXFileReference; lastKnownFileType = sourcecode.swift; path = InternetConnectionError.swift; sourceTree = "<group>"; };
		49D052E621063D990019A6F3 /* InternetConnectionHandler.swift */ = {isa = PBXFileReference; lastKnownFileType = sourcecode.swift; path = InternetConnectionHandler.swift; sourceTree = "<group>"; };
		49D052EC21063ECA0019A6F3 /* ReviewsModel.swift */ = {isa = PBXFileReference; lastKnownFileType = sourcecode.swift; path = ReviewsModel.swift; sourceTree = "<group>"; };
		49D052EF2106425F0019A6F3 /* RxCocoa.framework */ = {isa = PBXFileReference; lastKnownFileType = wrapper.framework; path = RxCocoa.framework; sourceTree = "<group>"; };
		49D052F1210642980019A6F3 /* RxSwift.framework */ = {isa = PBXFileReference; lastKnownFileType = wrapper.framework; path = RxSwift.framework; sourceTree = "<group>"; };
		49D052F3210642A40019A6F3 /* RxAlamofire.framework */ = {isa = PBXFileReference; lastKnownFileType = wrapper.framework; path = RxAlamofire.framework; sourceTree = "<group>"; };
		49D052F5210642C20019A6F3 /* Alamofire.framework */ = {isa = PBXFileReference; lastKnownFileType = wrapper.framework; path = Alamofire.framework; sourceTree = "<group>"; };
		49D052F8210645DB0019A6F3 /* ArticleWebServiceProtocol.swift */ = {isa = PBXFileReference; lastKnownFileType = sourcecode.swift; path = ArticleWebServiceProtocol.swift; sourceTree = "<group>"; };
		49D052FA210646740019A6F3 /* ArticleWebService.swift */ = {isa = PBXFileReference; lastKnownFileType = sourcecode.swift; path = ArticleWebService.swift; sourceTree = "<group>"; };
		49D05300210647660019A6F3 /* ArticleReviewsTests.xctest */ = {isa = PBXFileReference; explicitFileType = wrapper.cfbundle; includeInIndex = 0; path = ArticleReviewsTests.xctest; sourceTree = BUILT_PRODUCTS_DIR; };
		49D05304210647660019A6F3 /* Info.plist */ = {isa = PBXFileReference; lastKnownFileType = text.plist.xml; path = Info.plist; sourceTree = "<group>"; };
		49D0530B210647B50019A6F3 /* RxTest.framework */ = {isa = PBXFileReference; lastKnownFileType = wrapper.framework; name = RxTest.framework; path = Carthage/Build/iOS/RxTest.framework; sourceTree = SOURCE_ROOT; };
		49D0530D210647C70019A6F3 /* Nimble.framework */ = {isa = PBXFileReference; lastKnownFileType = wrapper.framework; name = Nimble.framework; path = Carthage/Build/iOS/Nimble.framework; sourceTree = SOURCE_ROOT; };
		49D053142106496C0019A6F3 /* InfrastructureHandlerTests.swift */ = {isa = PBXFileReference; lastKnownFileType = sourcecode.swift; path = InfrastructureHandlerTests.swift; sourceTree = "<group>"; };
/* End PBXFileReference section */

/* Begin PBXFrameworksBuildPhase section */
		49D052B62106388E0019A6F3 /* Frameworks */ = {
			isa = PBXFrameworksBuildPhase;
			buildActionMask = 2147483647;
			files = (
				49D052F2210642980019A6F3 /* RxSwift.framework in Frameworks */,
				49D052F02106425F0019A6F3 /* RxCocoa.framework in Frameworks */,
				49D052F4210642A40019A6F3 /* RxAlamofire.framework in Frameworks */,
				49D052F6210642C20019A6F3 /* Alamofire.framework in Frameworks */,
			);
			runOnlyForDeploymentPostprocessing = 0;
		};
		49D052FD210647660019A6F3 /* Frameworks */ = {
			isa = PBXFrameworksBuildPhase;
			buildActionMask = 2147483647;
			files = (
				49D0530E210647C70019A6F3 /* Nimble.framework in Frameworks */,
				49D0530C210647B60019A6F3 /* RxTest.framework in Frameworks */,
				49D0530A210647880019A6F3 /* RxSwift.framework in Frameworks */,
			);
			runOnlyForDeploymentPostprocessing = 0;
		};
/* End PBXFrameworksBuildPhase section */

/* Begin PBXGroup section */
		4917ADBD210655300050A5A8 /* LocalStorage */ = {
			isa = PBXGroup;
			children = (
				4917ADB92106552C0050A5A8 /* Article+CoreDataClass.swift */,
				4917ADBA2106552C0050A5A8 /* Article+CoreDataProperties.swift */,
			);
			path = LocalStorage;
			sourceTree = "<group>";
		};
		49D052B02106388E0019A6F3 = {
			isa = PBXGroup;
			children = (
				49D052BB2106388E0019A6F3 /* ArticleReviews */,
				49D05301210647660019A6F3 /* ArticleReviewsTests */,
				49D052BA2106388E0019A6F3 /* Products */,
			);
			sourceTree = "<group>";
		};
		49D052BA2106388E0019A6F3 /* Products */ = {
			isa = PBXGroup;
			children = (
				49D052B92106388E0019A6F3 /* ArticleReviews.app */,
				49D05300210647660019A6F3 /* ArticleReviewsTests.xctest */,
			);
			name = Products;
			sourceTree = "<group>";
		};
		49D052BB2106388E0019A6F3 /* ArticleReviews */ = {
			isa = PBXGroup;
			children = (
				49D052D721063A1E0019A6F3 /* Domain */,
				49D052D621063A180019A6F3 /* Data */,
				49D052D521063A0C0019A6F3 /* Presentation */,
				49D052D421063A010019A6F3 /* Commons */,
				49D052D3210639FB0019A6F3 /* Resources */,
				49D052D2210639F30019A6F3 /* SupportingFiles */,
			);
			path = ArticleReviews;
			sourceTree = "<group>";
		};
		49D052D2210639F30019A6F3 /* SupportingFiles */ = {
			isa = PBXGroup;
			children = (
				4917ADB72106539C0050A5A8 /* PersistenceService.swift */,
				49D052BC2106388E0019A6F3 /* AppDelegate.swift */,
				49D052C8210638900019A6F3 /* LaunchScreen.storyboard */,
				49D052CB210638900019A6F3 /* Info.plist */,
				49D052C32106388E0019A6F3 /* ArticleReviews.xcdatamodeld */,
			);
			path = SupportingFiles;
			sourceTree = "<group>";
		};
		49D052D3210639FB0019A6F3 /* Resources */ = {
			isa = PBXGroup;
			children = (
				49D052C6210638900019A6F3 /* Assets.xcassets */,
			);
			path = Resources;
			sourceTree = "<group>";
		};
		49D052D421063A010019A6F3 /* Commons */ = {
			isa = PBXGroup;
			children = (
				49D052EE2106422B0019A6F3 /* Libraries */,
			);
			path = Commons;
			sourceTree = "<group>";
		};
		49D052D521063A0C0019A6F3 /* Presentation */ = {
			isa = PBXGroup;
			children = (
				49D052E821063DF80019A6F3 /* Start */,
				49D052E921063E3A0019A6F3 /* Selection */,
				49D052EA21063E410019A6F3 /* Reviews */,
			);
			path = Presentation;
			sourceTree = "<group>";
		};
		49D052D621063A180019A6F3 /* Data */ = {
			isa = PBXGroup;
			children = (
				49D052DB21063CE80019A6F3 /* Infrastructure */,
				49D052DA21063CE10019A6F3 /* NetworkRequest */,
				4917ADBD210655300050A5A8 /* LocalStorage */,
			);
			path = Data;
			sourceTree = "<group>";
		};
		49D052D721063A1E0019A6F3 /* Domain */ = {
			isa = PBXGroup;
			children = (
				49D052D821063B0E0019A6F3 /* Articles.swift */,
			);
			path = Domain;
			sourceTree = "<group>";
		};
		49D052DA21063CE10019A6F3 /* NetworkRequest */ = {
			isa = PBXGroup;
			children = (
				49D052DC21063CF70019A6F3 /* ArticleWebService */,
			);
			path = NetworkRequest;
			sourceTree = "<group>";
		};
		49D052DB21063CE80019A6F3 /* Infrastructure */ = {
			isa = PBXGroup;
			children = (
				49D052E321063D6A0019A6F3 /* InternetConnection */,
				49D052E121063D580019A6F3 /* InfrastructureHandler.swift */,
				49D052DF21063D3D0019A6F3 /* ServiceError.swift */,
				49D052DD21063D250019A6F3 /* RESTError.swift */,
			);
			path = Infrastructure;
			sourceTree = "<group>";
		};
		49D052DC21063CF70019A6F3 /* ArticleWebService */ = {
			isa = PBXGroup;
			children = (
				49D052F8210645DB0019A6F3 /* ArticleWebServiceProtocol.swift */,
				49D052FA210646740019A6F3 /* ArticleWebService.swift */,
			);
			path = ArticleWebService;
			sourceTree = "<group>";
		};
		49D052E321063D6A0019A6F3 /* InternetConnection */ = {
			isa = PBXGroup;
			children = (
				49D052E421063D750019A6F3 /* InternetConnectionError.swift */,
				49D052E621063D990019A6F3 /* InternetConnectionHandler.swift */,
			);
			path = InternetConnection;
			sourceTree = "<group>";
		};
		49D052E821063DF80019A6F3 /* Start */ = {
			isa = PBXGroup;
			children = (
			);
			path = Start;
			sourceTree = "<group>";
		};
		49D052E921063E3A0019A6F3 /* Selection */ = {
			isa = PBXGroup;
			children = (
			);
			path = Selection;
			sourceTree = "<group>";
		};
		49D052EA21063E410019A6F3 /* Reviews */ = {
			isa = PBXGroup;
			children = (
				49D052EB21063EBD0019A6F3 /* Model */,
			);
			path = Reviews;
			sourceTree = "<group>";
		};
		49D052EB21063EBD0019A6F3 /* Model */ = {
			isa = PBXGroup;
			children = (
				49D052EC21063ECA0019A6F3 /* ReviewsModel.swift */,
			);
			path = Model;
			sourceTree = "<group>";
		};
		49D052EE2106422B0019A6F3 /* Libraries */ = {
			isa = PBXGroup;
			children = (
				49D0530D210647C70019A6F3 /* Nimble.framework */,
				49D0530B210647B50019A6F3 /* RxTest.framework */,
				49D052F5210642C20019A6F3 /* Alamofire.framework */,
				49D052F3210642A40019A6F3 /* RxAlamofire.framework */,
				49D052F1210642980019A6F3 /* RxSwift.framework */,
				49D052EF2106425F0019A6F3 /* RxCocoa.framework */,
			);
			path = Libraries;
			sourceTree = "<group>";
		};
		49D05301210647660019A6F3 /* ArticleReviewsTests */ = {
			isa = PBXGroup;
			children = (
				49D05313210648020019A6F3 /* InfraStructure */,
				49D05304210647660019A6F3 /* Info.plist */,
			);
			path = ArticleReviewsTests;
			sourceTree = "<group>";
		};
		49D05313210648020019A6F3 /* InfraStructure */ = {
			isa = PBXGroup;
			children = (
				49D053142106496C0019A6F3 /* InfrastructureHandlerTests.swift */,
				4917ADB221064F840050A5A8 /* InternetConnectionHandlerTests.swift */,
			);
			path = InfraStructure;
			sourceTree = "<group>";
		};
/* End PBXGroup section */

/* Begin PBXNativeTarget section */
		49D052B82106388E0019A6F3 /* ArticleReviews */ = {
			isa = PBXNativeTarget;
			buildConfigurationList = 49D052CE210638900019A6F3 /* Build configuration list for PBXNativeTarget "ArticleReviews" */;
			buildPhases = (
				49D052B52106388E0019A6F3 /* Sources */,
				49D052B62106388E0019A6F3 /* Frameworks */,
				49D052B72106388E0019A6F3 /* Resources */,
				49D052F72106437A0019A6F3 /* Carthage Script */,
			);
			buildRules = (
			);
			dependencies = (
			);
			name = ArticleReviews;
			productName = ArticleReviews;
			productReference = 49D052B92106388E0019A6F3 /* ArticleReviews.app */;
			productType = "com.apple.product-type.application";
		};
		49D052FF210647660019A6F3 /* ArticleReviewsTests */ = {
			isa = PBXNativeTarget;
			buildConfigurationList = 49D05307210647660019A6F3 /* Build configuration list for PBXNativeTarget "ArticleReviewsTests" */;
			buildPhases = (
				49D052FC210647660019A6F3 /* Sources */,
				49D052FD210647660019A6F3 /* Frameworks */,
				49D052FE210647660019A6F3 /* Resources */,
				49D0530F210647D40019A6F3 /* CopyFiles */,
			);
			buildRules = (
			);
			dependencies = (
				49D05306210647660019A6F3 /* PBXTargetDependency */,
			);
			name = ArticleReviewsTests;
			productName = ArticleReviewsTests;
			productReference = 49D05300210647660019A6F3 /* ArticleReviewsTests.xctest */;
			productType = "com.apple.product-type.bundle.unit-test";
		};
/* End PBXNativeTarget section */

/* Begin PBXProject section */
		49D052B12106388E0019A6F3 /* Project object */ = {
			isa = PBXProject;
			attributes = {
				LastSwiftUpdateCheck = 0940;
				LastUpgradeCheck = 0940;
				ORGANIZATIONNAME = "Mariana Meireles";
				TargetAttributes = {
					49D052B82106388E0019A6F3 = {
						CreatedOnToolsVersion = 9.4.1;
					};
					49D052FF210647660019A6F3 = {
						CreatedOnToolsVersion = 9.4.1;
						LastSwiftMigration = 0940;
						TestTargetID = 49D052B82106388E0019A6F3;
					};
				};
			};
			buildConfigurationList = 49D052B42106388E0019A6F3 /* Build configuration list for PBXProject "ArticleReviews" */;
			compatibilityVersion = "Xcode 9.3";
			developmentRegion = en;
			hasScannedForEncodings = 0;
			knownRegions = (
				en,
				Base,
			);
			mainGroup = 49D052B02106388E0019A6F3;
			productRefGroup = 49D052BA2106388E0019A6F3 /* Products */;
			projectDirPath = "";
			projectRoot = "";
			targets = (
				49D052B82106388E0019A6F3 /* ArticleReviews */,
				49D052FF210647660019A6F3 /* ArticleReviewsTests */,
			);
		};
/* End PBXProject section */

/* Begin PBXResourcesBuildPhase section */
		49D052B72106388E0019A6F3 /* Resources */ = {
			isa = PBXResourcesBuildPhase;
			buildActionMask = 2147483647;
			files = (
				49D052CA210638900019A6F3 /* LaunchScreen.storyboard in Resources */,
				49D052C7210638900019A6F3 /* Assets.xcassets in Resources */,
			);
			runOnlyForDeploymentPostprocessing = 0;
		};
		49D052FE210647660019A6F3 /* Resources */ = {
			isa = PBXResourcesBuildPhase;
			buildActionMask = 2147483647;
			files = (
			);
			runOnlyForDeploymentPostprocessing = 0;
		};
/* End PBXResourcesBuildPhase section */

/* Begin PBXShellScriptBuildPhase section */
		49D052F72106437A0019A6F3 /* Carthage Script */ = {
			isa = PBXShellScriptBuildPhase;
			buildActionMask = 2147483647;
			files = (
			);
			inputPaths = (
				"$(SRCROOT)/Carthage/Build/iOS/RxSwift.framework",
				"$(SRCROOT)/Carthage/Build/iOS/Alamofire.framework",
				"$(SRCROOT)/Carthage/Build/iOS/RxAlamofire.framework",
				"$(SRCROOT)/Carthage/Build/iOS/RxCocoa.framework",
			);
			name = "Carthage Script";
			outputPaths = (
			);
			runOnlyForDeploymentPostprocessing = 0;
			shellPath = /bin/sh;
			shellScript = "/usr/local/bin/carthage copy-frameworks";
		};
/* End PBXShellScriptBuildPhase section */

/* Begin PBXSourcesBuildPhase section */
		49D052B52106388E0019A6F3 /* Sources */ = {
			isa = PBXSourcesBuildPhase;
			buildActionMask = 2147483647;
			files = (
				49D052E221063D580019A6F3 /* InfrastructureHandler.swift in Sources */,
				4917ADB82106539C0050A5A8 /* PersistenceService.swift in Sources */,
				49D052E021063D3D0019A6F3 /* ServiceError.swift in Sources */,
				49D052D921063B0E0019A6F3 /* Articles.swift in Sources */,
				4917ADBB2106552C0050A5A8 /* Article+CoreDataClass.swift in Sources */,
				49D052E721063D990019A6F3 /* InternetConnectionHandler.swift in Sources */,
				4917ADBC2106552C0050A5A8 /* Article+CoreDataProperties.swift in Sources */,
				49D052E521063D750019A6F3 /* InternetConnectionError.swift in Sources */,
				49D052FB210646740019A6F3 /* ArticleWebService.swift in Sources */,
				49D052C52106388E0019A6F3 /* ArticleReviews.xcdatamodeld in Sources */,
				49D052DE21063D250019A6F3 /* RESTError.swift in Sources */,
				49D052F9210645DB0019A6F3 /* ArticleWebServiceProtocol.swift in Sources */,
				49D052ED21063ECA0019A6F3 /* ReviewsModel.swift in Sources */,
				49D052BD2106388E0019A6F3 /* AppDelegate.swift in Sources */,
			);
			runOnlyForDeploymentPostprocessing = 0;
		};
		49D052FC210647660019A6F3 /* Sources */ = {
			isa = PBXSourcesBuildPhase;
			buildActionMask = 2147483647;
			files = (
				49D053152106496C0019A6F3 /* InfrastructureHandlerTests.swift in Sources */,
				4917ADB321064F840050A5A8 /* InternetConnectionHandlerTests.swift in Sources */,
			);
			runOnlyForDeploymentPostprocessing = 0;
		};
/* End PBXSourcesBuildPhase section */

/* Begin PBXTargetDependency section */
		49D05306210647660019A6F3 /* PBXTargetDependency */ = {
			isa = PBXTargetDependency;
			target = 49D052B82106388E0019A6F3 /* ArticleReviews */;
			targetProxy = 49D05305210647660019A6F3 /* PBXContainerItemProxy */;
		};
/* End PBXTargetDependency section */

/* Begin PBXVariantGroup section */
		49D052C8210638900019A6F3 /* LaunchScreen.storyboard */ = {
			isa = PBXVariantGroup;
			children = (
				49D052C9210638900019A6F3 /* Base */,
			);
			name = LaunchScreen.storyboard;
			sourceTree = "<group>";
		};
/* End PBXVariantGroup section */

/* Begin XCBuildConfiguration section */
		49D052CC210638900019A6F3 /* Debug */ = {
			isa = XCBuildConfiguration;
			buildSettings = {
				ALWAYS_SEARCH_USER_PATHS = NO;
				CLANG_ANALYZER_NONNULL = YES;
				CLANG_ANALYZER_NUMBER_OBJECT_CONVERSION = YES_AGGRESSIVE;
				CLANG_CXX_LANGUAGE_STANDARD = "gnu++14";
				CLANG_CXX_LIBRARY = "libc++";
				CLANG_ENABLE_MODULES = YES;
				CLANG_ENABLE_OBJC_ARC = YES;
				CLANG_ENABLE_OBJC_WEAK = YES;
				CLANG_WARN_BLOCK_CAPTURE_AUTORELEASING = YES;
				CLANG_WARN_BOOL_CONVERSION = YES;
				CLANG_WARN_COMMA = YES;
				CLANG_WARN_CONSTANT_CONVERSION = YES;
				CLANG_WARN_DEPRECATED_OBJC_IMPLEMENTATIONS = YES;
				CLANG_WARN_DIRECT_OBJC_ISA_USAGE = YES_ERROR;
				CLANG_WARN_DOCUMENTATION_COMMENTS = YES;
				CLANG_WARN_EMPTY_BODY = YES;
				CLANG_WARN_ENUM_CONVERSION = YES;
				CLANG_WARN_INFINITE_RECURSION = YES;
				CLANG_WARN_INT_CONVERSION = YES;
				CLANG_WARN_NON_LITERAL_NULL_CONVERSION = YES;
				CLANG_WARN_OBJC_IMPLICIT_RETAIN_SELF = YES;
				CLANG_WARN_OBJC_LITERAL_CONVERSION = YES;
				CLANG_WARN_OBJC_ROOT_CLASS = YES_ERROR;
				CLANG_WARN_RANGE_LOOP_ANALYSIS = YES;
				CLANG_WARN_STRICT_PROTOTYPES = YES;
				CLANG_WARN_SUSPICIOUS_MOVE = YES;
				CLANG_WARN_UNGUARDED_AVAILABILITY = YES_AGGRESSIVE;
				CLANG_WARN_UNREACHABLE_CODE = YES;
				CLANG_WARN__DUPLICATE_METHOD_MATCH = YES;
				CODE_SIGN_IDENTITY = "iPhone Developer";
				COPY_PHASE_STRIP = NO;
				DEBUG_INFORMATION_FORMAT = dwarf;
				ENABLE_STRICT_OBJC_MSGSEND = YES;
				ENABLE_TESTABILITY = YES;
				GCC_C_LANGUAGE_STANDARD = gnu11;
				GCC_DYNAMIC_NO_PIC = NO;
				GCC_NO_COMMON_BLOCKS = YES;
				GCC_OPTIMIZATION_LEVEL = 0;
				GCC_PREPROCESSOR_DEFINITIONS = (
					"DEBUG=1",
					"$(inherited)",
				);
				GCC_WARN_64_TO_32_BIT_CONVERSION = YES;
				GCC_WARN_ABOUT_RETURN_TYPE = YES_ERROR;
				GCC_WARN_UNDECLARED_SELECTOR = YES;
				GCC_WARN_UNINITIALIZED_AUTOS = YES_AGGRESSIVE;
				GCC_WARN_UNUSED_FUNCTION = YES;
				GCC_WARN_UNUSED_VARIABLE = YES;
				IPHONEOS_DEPLOYMENT_TARGET = 11.4;
				MTL_ENABLE_DEBUG_INFO = YES;
				ONLY_ACTIVE_ARCH = YES;
				SDKROOT = iphoneos;
				SWIFT_ACTIVE_COMPILATION_CONDITIONS = DEBUG;
				SWIFT_OPTIMIZATION_LEVEL = "-Onone";
			};
			name = Debug;
		};
		49D052CD210638900019A6F3 /* Release */ = {
			isa = XCBuildConfiguration;
			buildSettings = {
				ALWAYS_SEARCH_USER_PATHS = NO;
				CLANG_ANALYZER_NONNULL = YES;
				CLANG_ANALYZER_NUMBER_OBJECT_CONVERSION = YES_AGGRESSIVE;
				CLANG_CXX_LANGUAGE_STANDARD = "gnu++14";
				CLANG_CXX_LIBRARY = "libc++";
				CLANG_ENABLE_MODULES = YES;
				CLANG_ENABLE_OBJC_ARC = YES;
				CLANG_ENABLE_OBJC_WEAK = YES;
				CLANG_WARN_BLOCK_CAPTURE_AUTORELEASING = YES;
				CLANG_WARN_BOOL_CONVERSION = YES;
				CLANG_WARN_COMMA = YES;
				CLANG_WARN_CONSTANT_CONVERSION = YES;
				CLANG_WARN_DEPRECATED_OBJC_IMPLEMENTATIONS = YES;
				CLANG_WARN_DIRECT_OBJC_ISA_USAGE = YES_ERROR;
				CLANG_WARN_DOCUMENTATION_COMMENTS = YES;
				CLANG_WARN_EMPTY_BODY = YES;
				CLANG_WARN_ENUM_CONVERSION = YES;
				CLANG_WARN_INFINITE_RECURSION = YES;
				CLANG_WARN_INT_CONVERSION = YES;
				CLANG_WARN_NON_LITERAL_NULL_CONVERSION = YES;
				CLANG_WARN_OBJC_IMPLICIT_RETAIN_SELF = YES;
				CLANG_WARN_OBJC_LITERAL_CONVERSION = YES;
				CLANG_WARN_OBJC_ROOT_CLASS = YES_ERROR;
				CLANG_WARN_RANGE_LOOP_ANALYSIS = YES;
				CLANG_WARN_STRICT_PROTOTYPES = YES;
				CLANG_WARN_SUSPICIOUS_MOVE = YES;
				CLANG_WARN_UNGUARDED_AVAILABILITY = YES_AGGRESSIVE;
				CLANG_WARN_UNREACHABLE_CODE = YES;
				CLANG_WARN__DUPLICATE_METHOD_MATCH = YES;
				CODE_SIGN_IDENTITY = "iPhone Developer";
				COPY_PHASE_STRIP = NO;
				DEBUG_INFORMATION_FORMAT = "dwarf-with-dsym";
				ENABLE_NS_ASSERTIONS = NO;
				ENABLE_STRICT_OBJC_MSGSEND = YES;
				GCC_C_LANGUAGE_STANDARD = gnu11;
				GCC_NO_COMMON_BLOCKS = YES;
				GCC_WARN_64_TO_32_BIT_CONVERSION = YES;
				GCC_WARN_ABOUT_RETURN_TYPE = YES_ERROR;
				GCC_WARN_UNDECLARED_SELECTOR = YES;
				GCC_WARN_UNINITIALIZED_AUTOS = YES_AGGRESSIVE;
				GCC_WARN_UNUSED_FUNCTION = YES;
				GCC_WARN_UNUSED_VARIABLE = YES;
				IPHONEOS_DEPLOYMENT_TARGET = 11.4;
				MTL_ENABLE_DEBUG_INFO = NO;
				SDKROOT = iphoneos;
				SWIFT_COMPILATION_MODE = wholemodule;
				SWIFT_OPTIMIZATION_LEVEL = "-O";
				VALIDATE_PRODUCT = YES;
			};
			name = Release;
		};
		49D052CF210638900019A6F3 /* Debug */ = {
			isa = XCBuildConfiguration;
			buildSettings = {
				ASSETCATALOG_COMPILER_APPICON_NAME = AppIcon;
				CODE_SIGN_STYLE = Automatic;
				DEVELOPMENT_TEAM = GQU3QL4RG3;
				FRAMEWORK_SEARCH_PATHS = (
					"$(inherited)",
					"$(PROJECT_DIR)/ArticleReviews/Commons/Libraries",
				);
				INFOPLIST_FILE = "$(SRCROOT)/ArticleReviews/SupportingFiles/Info.plist";
				LD_RUNPATH_SEARCH_PATHS = (
					"$(inherited)",
					"@executable_path/Frameworks",
				);
				PRODUCT_BUNDLE_IDENTIFIER = com.MarianaMeireles.ArticleReviews;
				PRODUCT_NAME = "$(TARGET_NAME)";
				SWIFT_VERSION = 4.0;
				TARGETED_DEVICE_FAMILY = "1,2";
			};
			name = Debug;
		};
		49D052D0210638900019A6F3 /* Release */ = {
			isa = XCBuildConfiguration;
			buildSettings = {
				ASSETCATALOG_COMPILER_APPICON_NAME = AppIcon;
				CODE_SIGN_STYLE = Automatic;
				DEVELOPMENT_TEAM = GQU3QL4RG3;
				FRAMEWORK_SEARCH_PATHS = (
					"$(inherited)",
					"$(PROJECT_DIR)/ArticleReviews/Commons/Libraries",
				);
				INFOPLIST_FILE = "$(SRCROOT)/ArticleReviews/SupportingFiles/Info.plist";
				LD_RUNPATH_SEARCH_PATHS = (
					"$(inherited)",
					"@executable_path/Frameworks",
				);
				PRODUCT_BUNDLE_IDENTIFIER = com.MarianaMeireles.ArticleReviews;
				PRODUCT_NAME = "$(TARGET_NAME)";
				SWIFT_VERSION = 4.0;
				TARGETED_DEVICE_FAMILY = "1,2";
			};
			name = Release;
		};
		49D05308210647660019A6F3 /* Debug */ = {
			isa = XCBuildConfiguration;
			buildSettings = {
				BUNDLE_LOADER = "$(TEST_HOST)";
				CLANG_ENABLE_MODULES = YES;
				CODE_SIGN_STYLE = Automatic;
				DEVELOPMENT_TEAM = GQU3QL4RG3;
				FRAMEWORK_SEARCH_PATHS = (
					"$(inherited)",
					"$(PROJECT_DIR)/ArticleReviews/Commons/Libraries",
					"$(PROJECT_DIR)/Carthage/Build/iOS",
				);
				INFOPLIST_FILE = ArticleReviewsTests/Info.plist;
				LD_RUNPATH_SEARCH_PATHS = (
					"$(inherited)",
					"@executable_path/Frameworks",
					"@loader_path/Frameworks",
				);
				PRODUCT_BUNDLE_IDENTIFIER = com.MarianaMeireles.ArticleReviewsTests;
				PRODUCT_NAME = "$(TARGET_NAME)";
				SWIFT_OPTIMIZATION_LEVEL = "-Onone";
				SWIFT_VERSION = 4.0;
				TARGETED_DEVICE_FAMILY = "1,2";
				TEST_HOST = "$(BUILT_PRODUCTS_DIR)/ArticleReviews.app/ArticleReviews";
			};
			name = Debug;
		};
		49D05309210647660019A6F3 /* Release */ = {
			isa = XCBuildConfiguration;
			buildSettings = {
				BUNDLE_LOADER = "$(TEST_HOST)";
				CLANG_ENABLE_MODULES = YES;
				CODE_SIGN_STYLE = Automatic;
				DEVELOPMENT_TEAM = GQU3QL4RG3;
				FRAMEWORK_SEARCH_PATHS = (
					"$(inherited)",
					"$(PROJECT_DIR)/ArticleReviews/Commons/Libraries",
					"$(PROJECT_DIR)/Carthage/Build/iOS",
				);
				INFOPLIST_FILE = ArticleReviewsTests/Info.plist;
				LD_RUNPATH_SEARCH_PATHS = (
					"$(inherited)",
					"@executable_path/Frameworks",
					"@loader_path/Frameworks",
				);
				PRODUCT_BUNDLE_IDENTIFIER = com.MarianaMeireles.ArticleReviewsTests;
				PRODUCT_NAME = "$(TARGET_NAME)";
				SWIFT_VERSION = 4.0;
				TARGETED_DEVICE_FAMILY = "1,2";
				TEST_HOST = "$(BUILT_PRODUCTS_DIR)/ArticleReviews.app/ArticleReviews";
			};
			name = Release;
		};
/* End XCBuildConfiguration section */

/* Begin XCConfigurationList section */
		49D052B42106388E0019A6F3 /* Build configuration list for PBXProject "ArticleReviews" */ = {
			isa = XCConfigurationList;
			buildConfigurations = (
				49D052CC210638900019A6F3 /* Debug */,
				49D052CD210638900019A6F3 /* Release */,
			);
			defaultConfigurationIsVisible = 0;
			defaultConfigurationName = Release;
		};
		49D052CE210638900019A6F3 /* Build configuration list for PBXNativeTarget "ArticleReviews" */ = {
			isa = XCConfigurationList;
			buildConfigurations = (
				49D052CF210638900019A6F3 /* Debug */,
				49D052D0210638900019A6F3 /* Release */,
			);
			defaultConfigurationIsVisible = 0;
			defaultConfigurationName = Release;
		};
		49D05307210647660019A6F3 /* Build configuration list for PBXNativeTarget "ArticleReviewsTests" */ = {
			isa = XCConfigurationList;
			buildConfigurations = (
				49D05308210647660019A6F3 /* Debug */,
				49D05309210647660019A6F3 /* Release */,
			);
			defaultConfigurationIsVisible = 0;
			defaultConfigurationName = Release;
		};
/* End XCConfigurationList section */

/* Begin XCVersionGroup section */
		49D052C32106388E0019A6F3 /* ArticleReviews.xcdatamodeld */ = {
			isa = XCVersionGroup;
			children = (
				49D052C42106388E0019A6F3 /* ArticleReviews.xcdatamodel */,
			);
			currentVersion = 49D052C42106388E0019A6F3 /* ArticleReviews.xcdatamodel */;
			path = ArticleReviews.xcdatamodeld;
			sourceTree = "<group>";
			versionGroupType = wrapper.xcdatamodel;
		};
/* End XCVersionGroup section */
	};
	rootObject = 49D052B12106388E0019A6F3 /* Project object */;
}
